
Microsoft Visual Studio Solution File, Format Version 12.00
# Visual Studio Version 17
VisualStudioVersion = 17.13.35825.156 d17.13
MinimumVisualStudioVersion = 10.0.40219.1
Project("{FAE04EC0-301F-11D3-BF4B-00C04F79EFBC}") = "KolosCzlowiek", "KolosCzlowiek.csproj", "{304335AD-E25E-4509-BC77-C5105F1994EC}"
EndProject
Global
	GlobalSection(SolutionConfigurationPlatforms) = preSolution
		Debug|Any CPU = Debug|Any CPU
		Release|Any CPU = Release|Any CPU
	EndGlobalSection
	GlobalSection(ProjectConfigurationPlatforms) = postSolution
		{304335AD-E25E-4509-BC77-C5105F1994EC}.Debug|Any CPU.ActiveCfg = Debug|Any CPU
		{304335AD-E25E-4509-BC77-C5105F1994EC}.Debug|Any CPU.Build.0 = Debug|Any CPU
		{304335AD-E25E-4509-BC77-C5105F1994EC}.Release|Any CPU.ActiveCfg = Release|Any CPU
		{304335AD-E25E-4509-BC77-C5105F1994EC}.Release|Any CPU.Build.0 = Release|Any CPU
	EndGlobalSection
	GlobalSection(SolutionProperties) = preSolution
		HideSolutionNode = FALSE
	EndGlobalSection
	GlobalSection(ExtensibilityGlobals) = postSolution
		SolutionGuid = {0D50873A-B1B5-428E-AC6B-B0D80A60EDE5}
	EndGlobalSection
EndGlobal
